// !$*UTF8*$!
{
	archiveVersion = 1;
	classes = {
	};
	objectVersion = 50;
	objects = {

/* Begin PBXBuildFile section */
		946B70822271856700077917 /* AppDelegate.swift in Sources */ = {isa = PBXBuildFile; fileRef = 946B70812271856700077917 /* AppDelegate.swift */; };
		946B70842271856700077917 /* ViewController.swift in Sources */ = {isa = PBXBuildFile; fileRef = 946B70832271856700077917 /* ViewController.swift */; };
		946B70872271856700077917 /* Main.storyboard in Resources */ = {isa = PBXBuildFile; fileRef = 946B70852271856700077917 /* Main.storyboard */; };
		946B70892271856900077917 /* Assets.xcassets in Resources */ = {isa = PBXBuildFile; fileRef = 946B70882271856900077917 /* Assets.xcassets */; };
		946B708C2271856900077917 /* LaunchScreen.storyboard in Resources */ = {isa = PBXBuildFile; fileRef = 946B708A2271856900077917 /* LaunchScreen.storyboard */; };
		946B70972271856900077917 /* CollectionKitDemoTests.swift in Sources */ = {isa = PBXBuildFile; fileRef = 946B70962271856900077917 /* CollectionKitDemoTests.swift */; };
		946B70A22271856900077917 /* CollectionKitDemoUITests.swift in Sources */ = {isa = PBXBuildFile; fileRef = 946B70A12271856900077917 /* CollectionKitDemoUITests.swift */; };
/* End PBXBuildFile section */

/* Begin PBXContainerItemProxy section */
		946B70932271856900077917 /* PBXContainerItemProxy */ = {
			isa = PBXContainerItemProxy;
			containerPortal = 946B70762271856700077917 /* Project object */;
			proxyType = 1;
			remoteGlobalIDString = 946B707D2271856700077917;
			remoteInfo = CollectionKitDemo;
		};
		946B709E2271856900077917 /* PBXContainerItemProxy */ = {
			isa = PBXContainerItemProxy;
			containerPortal = 946B70762271856700077917 /* Project object */;
			proxyType = 1;
			remoteGlobalIDString = 946B707D2271856700077917;
			remoteInfo = CollectionKitDemo;
		};
/* End PBXContainerItemProxy section */

/* Begin PBXFileReference section */
		946B707E2271856700077917 /* CollectionKitDemo.app */ = {isa = PBXFileReference; explicitFileType = wrapper.application; includeInIndex = 0; path = CollectionKitDemo.app; sourceTree = BUILT_PRODUCTS_DIR; };
		946B70812271856700077917 /* AppDelegate.swift */ = {isa = PBXFileReference; lastKnownFileType = sourcecode.swift; path = AppDelegate.swift; sourceTree = "<group>"; };
		946B70832271856700077917 /* ViewController.swift */ = {isa = PBXFileReference; lastKnownFileType = sourcecode.swift; path = ViewController.swift; sourceTree = "<group>"; };
		946B70862271856700077917 /* Base */ = {isa = PBXFileReference; lastKnownFileType = file.storyboard; name = Base; path = Base.lproj/Main.storyboard; sourceTree = "<group>"; };
		946B70882271856900077917 /* Assets.xcassets */ = {isa = PBXFileReference; lastKnownFileType = folder.assetcatalog; path = Assets.xcassets; sourceTree = "<group>"; };
		946B708B2271856900077917 /* Base */ = {isa = PBXFileReference; lastKnownFileType = file.storyboard; name = Base; path = Base.lproj/LaunchScreen.storyboard; sourceTree = "<group>"; };
		946B708D2271856900077917 /* Info.plist */ = {isa = PBXFileReference; lastKnownFileType = text.plist.xml; path = Info.plist; sourceTree = "<group>"; };
		946B70922271856900077917 /* CollectionKitDemoTests.xctest */ = {isa = PBXFileReference; explicitFileType = wrapper.cfbundle; includeInIndex = 0; path = CollectionKitDemoTests.xctest; sourceTree = BUILT_PRODUCTS_DIR; };
		946B70962271856900077917 /* CollectionKitDemoTests.swift */ = {isa = PBXFileReference; lastKnownFileType = sourcecode.swift; path = CollectionKitDemoTests.swift; sourceTree = "<group>"; };
		946B70982271856900077917 /* Info.plist */ = {isa = PBXFileReference; lastKnownFileType = text.plist.xml; path = Info.plist; sourceTree = "<group>"; };
		946B709D2271856900077917 /* CollectionKitDemoUITests.xctest */ = {isa = PBXFileReference; explicitFileType = wrapper.cfbundle; includeInIndex = 0; path = CollectionKitDemoUITests.xctest; sourceTree = BUILT_PRODUCTS_DIR; };
		946B70A12271856900077917 /* CollectionKitDemoUITests.swift */ = {isa = PBXFileReference; lastKnownFileType = sourcecode.swift; path = CollectionKitDemoUITests.swift; sourceTree = "<group>"; };
		946B70A32271856900077917 /* Info.plist */ = {isa = PBXFileReference; lastKnownFileType = text.plist.xml; path = Info.plist; sourceTree = "<group>"; };
/* End PBXFileReference section */

/* Begin PBXFrameworksBuildPhase section */
		946B707B2271856700077917 /* Frameworks */ = {
			isa = PBXFrameworksBuildPhase;
			buildActionMask = 2147483647;
			files = (
			);
			runOnlyForDeploymentPostprocessing = 0;
		};
		946B708F2271856900077917 /* Frameworks */ = {
			isa = PBXFrameworksBuildPhase;
			buildActionMask = 2147483647;
			files = (
			);
			runOnlyForDeploymentPostprocessing = 0;
		};
		946B709A2271856900077917 /* Frameworks */ = {
			isa = PBXFrameworksBuildPhase;
			buildActionMask = 2147483647;
			files = (
			);
			runOnlyForDeploymentPostprocessing = 0;
		};
/* End PBXFrameworksBuildPhase section */

/* Begin PBXGroup section */
		946B70752271856700077917 = {
			isa = PBXGroup;
			children = (
				946B70802271856700077917 /* CollectionKitDemo */,
				946B70952271856900077917 /* CollectionKitDemoTests */,
				946B70A02271856900077917 /* CollectionKitDemoUITests */,
				946B707F2271856700077917 /* Products */,
			);
			sourceTree = "<group>";
		};
		946B707F2271856700077917 /* Products */ = {
			isa = PBXGroup;
			children = (
				946B707E2271856700077917 /* CollectionKitDemo.app */,
				946B70922271856900077917 /* CollectionKitDemoTests.xctest */,
				946B709D2271856900077917 /* CollectionKitDemoUITests.xctest */,
			);
			name = Products;
			sourceTree = "<group>";
		};
		946B70802271856700077917 /* CollectionKitDemo */ = {
			isa = PBXGroup;
			children = (
				946B70812271856700077917 /* AppDelegate.swift */,
				946B70832271856700077917 /* ViewController.swift */,
				946B70852271856700077917 /* Main.storyboard */,
				946B70882271856900077917 /* Assets.xcassets */,
				946B708A2271856900077917 /* LaunchScreen.storyboard */,
				946B708D2271856900077917 /* Info.plist */,
			);
			path = CollectionKitDemo;
			sourceTree = "<group>";
		};
		946B70952271856900077917 /* CollectionKitDemoTests */ = {
			isa = PBXGroup;
			children = (
				946B70962271856900077917 /* CollectionKitDemoTests.swift */,
				946B70982271856900077917 /* Info.plist */,
			);
			path = CollectionKitDemoTests;
			sourceTree = "<group>";
		};
		946B70A02271856900077917 /* CollectionKitDemoUITests */ = {
			isa = PBXGroup;
			children = (
				946B70A12271856900077917 /* CollectionKitDemoUITests.swift */,
				946B70A32271856900077917 /* Info.plist */,
			);
			path = CollectionKitDemoUITests;
			sourceTree = "<group>";
		};
/* End PBXGroup section */

/* Begin PBXNativeTarget section */
		946B707D2271856700077917 /* CollectionKitDemo */ = {
			isa = PBXNativeTarget;
			buildConfigurationList = 946B70A62271856900077917 /* Build configuration list for PBXNativeTarget "CollectionKitDemo" */;
			buildPhases = (
				946B707A2271856700077917 /* Sources */,
				946B707B2271856700077917 /* Frameworks */,
				946B707C2271856700077917 /* Resources */,
			);
			buildRules = (
			);
			dependencies = (
			);
			name = CollectionKitDemo;
			productName = CollectionKitDemo;
			productReference = 946B707E2271856700077917 /* CollectionKitDemo.app */;
			productType = "com.apple.product-type.application";
		};
		946B70912271856900077917 /* CollectionKitDemoTests */ = {
			isa = PBXNativeTarget;
			buildConfigurationList = 946B70A92271856900077917 /* Build configuration list for PBXNativeTarget "CollectionKitDemoTests" */;
			buildPhases = (
				946B708E2271856900077917 /* Sources */,
				946B708F2271856900077917 /* Frameworks */,
				946B70902271856900077917 /* Resources */,
			);
			buildRules = (
			);
			dependencies = (
				946B70942271856900077917 /* PBXTargetDependency */,
			);
			name = CollectionKitDemoTests;
			productName = CollectionKitDemoTests;
			productReference = 946B70922271856900077917 /* CollectionKitDemoTests.xctest */;
			productType = "com.apple.product-type.bundle.unit-test";
		};
		946B709C2271856900077917 /* CollectionKitDemoUITests */ = {
			isa = PBXNativeTarget;
			buildConfigurationList = 946B70AC2271856900077917 /* Build configuration list for PBXNativeTarget "CollectionKitDemoUITests" */;
			buildPhases = (
				946B70992271856900077917 /* Sources */,
				946B709A2271856900077917 /* Frameworks */,
				946B709B2271856900077917 /* Resources */,
			);
			buildRules = (
			);
			dependencies = (
				946B709F2271856900077917 /* PBXTargetDependency */,
			);
			name = CollectionKitDemoUITests;
			productName = CollectionKitDemoUITests;
			productReference = 946B709D2271856900077917 /* CollectionKitDemoUITests.xctest */;
			productType = "com.apple.product-type.bundle.ui-testing";
		};
/* End PBXNativeTarget section */

/* Begin PBXProject section */
		946B70762271856700077917 /* Project object */ = {
			isa = PBXProject;
			attributes = {
				LastSwiftUpdateCheck = 1020;
				LastUpgradeCheck = 1020;
				ORGANIZATIONNAME = Huacai;
				TargetAttributes = {
					946B707D2271856700077917 = {
						CreatedOnToolsVersion = 10.2.1;
					};
					946B70912271856900077917 = {
						CreatedOnToolsVersion = 10.2.1;
						TestTargetID = 946B707D2271856700077917;
					};
					946B709C2271856900077917 = {
						CreatedOnToolsVersion = 10.2.1;
						TestTargetID = 946B707D2271856700077917;
					};
				};
			};
			buildConfigurationList = 946B70792271856700077917 /* Build configuration list for PBXProject "CollectionKitDemo" */;
			compatibilityVersion = "Xcode 9.3";
			developmentRegion = en;
			hasScannedForEncodings = 0;
			knownRegions = (
				en,
				Base,
			);
			mainGroup = 946B70752271856700077917;
			productRefGroup = 946B707F2271856700077917 /* Products */;
			projectDirPath = "";
			projectRoot = "";
			targets = (
				946B707D2271856700077917 /* CollectionKitDemo */,
				946B70912271856900077917 /* CollectionKitDemoTests */,
				946B709C2271856900077917 /* CollectionKitDemoUITests */,
			);
		};
/* End PBXProject section */

/* Begin PBXResourcesBuildPhase section */
		946B707C2271856700077917 /* Resources */ = {
			isa = PBXResourcesBuildPhase;
			buildActionMask = 2147483647;
			files = (
				946B708C2271856900077917 /* LaunchScreen.storyboard in Resources */,
				946B70892271856900077917 /* Assets.xcassets in Resources */,
				946B70872271856700077917 /* Main.storyboard in Resources */,
			);
			runOnlyForDeploymentPostprocessing = 0;
		};
		946B70902271856900077917 /* Resources */ = {
			isa = PBXResourcesBuildPhase;
			buildActionMask = 2147483647;
			files = (
			);
			runOnlyForDeploymentPostprocessing = 0;
		};
		946B709B2271856900077917 /* Resources */ = {
			isa = PBXResourcesBuildPhase;
			buildActionMask = 2147483647;
			files = (
			);
			runOnlyForDeploymentPostprocessing = 0;
		};
/* End PBXResourcesBuildPhase section */

/* Begin PBXSourcesBuildPhase section */
		946B707A2271856700077917 /* Sources */ = {
			isa = PBXSourcesBuildPhase;
			buildActionMask = 2147483647;
			files = (
				946B70842271856700077917 /* ViewController.swift in Sources */,
				946B70822271856700077917 /* AppDelegate.swift in Sources */,
			);
			runOnlyForDeploymentPostprocessing = 0;
		};
		946B708E2271856900077917 /* Sources */ = {
			isa = PBXSourcesBuildPhase;
			buildActionMask = 2147483647;
			files = (
				946B70972271856900077917 /* CollectionKitDemoTests.swift in Sources */,
			);
			runOnlyForDeploymentPostprocessing = 0;
		};
		946B70992271856900077917 /* Sources */ = {
			isa = PBXSourcesBuildPhase;
			buildActionMask = 2147483647;
			files = (
				946B70A22271856900077917 /* CollectionKitDemoUITests.swift in Sources */,
			);
			runOnlyForDeploymentPostprocessing = 0;
		};
/* End PBXSourcesBuildPhase section */

/* Begin PBXTargetDependency section */
		946B70942271856900077917 /* PBXTargetDependency */ = {
			isa = PBXTargetDependency;
			target = 946B707D2271856700077917 /* CollectionKitDemo */;
			targetProxy = 946B70932271856900077917 /* PBXContainerItemProxy */;
		};
		946B709F2271856900077917 /* PBXTargetDependency */ = {
			isa = PBXTargetDependency;
			target = 946B707D2271856700077917 /* CollectionKitDemo */;
			targetProxy = 946B709E2271856900077917 /* PBXContainerItemProxy */;
		};
/* End PBXTargetDependency section */

/* Begin PBXVariantGroup section */
		946B70852271856700077917 /* Main.storyboard */ = {
			isa = PBXVariantGroup;
			children = (
				946B70862271856700077917 /* Base */,
			);
			name = Main.storyboard;
			sourceTree = "<group>";
		};
		946B708A2271856900077917 /* LaunchScreen.storyboard */ = {
			isa = PBXVariantGroup;
			children = (
				946B708B2271856900077917 /* Base */,
			);
			name = LaunchScreen.storyboard;
			sourceTree = "<group>";
		};
/* End PBXVariantGroup section */

/* Begin XCBuildConfiguration section */
		946B70A42271856900077917 /* Debug */ = {
			isa = XCBuildConfiguration;
			buildSettings = {
				ALWAYS_SEARCH_USER_PATHS = NO;
				CLANG_ANALYZER_NONNULL = YES;
				CLANG_ANALYZER_NUMBER_OBJECT_CONVERSION = YES_AGGRESSIVE;
				CLANG_CXX_LANGUAGE_STANDARD = "gnu++14";
				CLANG_CXX_LIBRARY = "libc++";
				CLANG_ENABLE_MODULES = YES;
				CLANG_ENABLE_OBJC_ARC = YES;
				CLANG_ENABLE_OBJC_WEAK = YES;
				CLANG_WARN_BLOCK_CAPTURE_AUTORELEASING = YES;
				CLANG_WARN_BOOL_CONVERSION = YES;
				CLANG_WARN_COMMA = YES;
				CLANG_WARN_CONSTANT_CONVERSION = YES;
				CLANG_WARN_DEPRECATED_OBJC_IMPLEMENTATIONS = YES;
				CLANG_WARN_DIRECT_OBJC_ISA_USAGE = YES_ERROR;
				CLANG_WARN_DOCUMENTATION_COMMENTS = YES;
				CLANG_WARN_EMPTY_BODY = YES;
				CLANG_WARN_ENUM_CONVERSION = YES;
				CLANG_WARN_INFINITE_RECURSION = YES;
				CLANG_WARN_INT_CONVERSION = YES;
				CLANG_WARN_NON_LITERAL_NULL_CONVERSION = YES;
				CLANG_WARN_OBJC_IMPLICIT_RETAIN_SELF = YES;
				CLANG_WARN_OBJC_LITERAL_CONVERSION = YES;
				CLANG_WARN_OBJC_ROOT_CLASS = YES_ERROR;
				CLANG_WARN_RANGE_LOOP_ANALYSIS = YES;
				CLANG_WARN_STRICT_PROTOTYPES = YES;
				CLANG_WARN_SUSPICIOUS_MOVE = YES;
				CLANG_WARN_UNGUARDED_AVAILABILITY = YES_AGGRESSIVE;
				CLANG_WARN_UNREACHABLE_CODE = YES;
				CLANG_WARN__DUPLICATE_METHOD_MATCH = YES;
				CODE_SIGN_IDENTITY = "iPhone Developer";
				COPY_PHASE_STRIP = NO;
				DEBUG_INFORMATION_FORMAT = dwarf;
				ENABLE_STRICT_OBJC_MSGSEND = YES;
				ENABLE_TESTABILITY = YES;
				GCC_C_LANGUAGE_STANDARD = gnu11;
				GCC_DYNAMIC_NO_PIC = NO;
				GCC_NO_COMMON_BLOCKS = YES;
				GCC_OPTIMIZATION_LEVEL = 0;
				GCC_PREPROCESSOR_DEFINITIONS = (
					"DEBUG=1",
					"$(inherited)",
				);
				GCC_WARN_64_TO_32_BIT_CONVERSION = YES;
				GCC_WARN_ABOUT_RETURN_TYPE = YES_ERROR;
				GCC_WARN_UNDECLARED_SELECTOR = YES;
				GCC_WARN_UNINITIALIZED_AUTOS = YES_AGGRESSIVE;
				GCC_WARN_UNUSED_FUNCTION = YES;
				GCC_WARN_UNUSED_VARIABLE = YES;
				IPHONEOS_DEPLOYMENT_TARGET = 12.2;
				MTL_ENABLE_DEBUG_INFO = INCLUDE_SOURCE;
				MTL_FAST_MATH = YES;
				ONLY_ACTIVE_ARCH = YES;
				SDKROOT = iphoneos;
				SWIFT_ACTIVE_COMPILATION_CONDITIONS = DEBUG;
				SWIFT_OPTIMIZATION_LEVEL = "-Onone";
			};
			name = Debug;
		};
		946B70A52271856900077917 /* Release */ = {
			isa = XCBuildConfiguration;
			buildSettings = {
				ALWAYS_SEARCH_USER_PATHS = NO;
				CLANG_ANALYZER_NONNULL = YES;
				CLANG_ANALYZER_NUMBER_OBJECT_CONVERSION = YES_AGGRESSIVE;
				CLANG_CXX_LANGUAGE_STANDARD = "gnu++14";
				CLANG_CXX_LIBRARY = "libc++";
				CLANG_ENABLE_MODULES = YES;
				CLANG_ENABLE_OBJC_ARC = YES;
				CLANG_ENABLE_OBJC_WEAK = YES;
				CLANG_WARN_BLOCK_CAPTURE_AUTORELEASING = YES;
				CLANG_WARN_BOOL_CONVERSION = YES;
				CLANG_WARN_COMMA = YES;
				CLANG_WARN_CONSTANT_CONVERSION = YES;
				CLANG_WARN_DEPRECATED_OBJC_IMPLEMENTATIONS = YES;
				CLANG_WARN_DIRECT_OBJC_ISA_USAGE = YES_ERROR;
				CLANG_WARN_DOCUMENTATION_COMMENTS = YES;
				CLANG_WARN_EMPTY_BODY = YES;
				CLANG_WARN_ENUM_CONVERSION = YES;
				CLANG_WARN_INFINITE_RECURSION = YES;
				CLANG_WARN_INT_CONVERSION = YES;
				CLANG_WARN_NON_LITERAL_NULL_CONVERSION = YES;
				CLANG_WARN_OBJC_IMPLICIT_RETAIN_SELF = YES;
				CLANG_WARN_OBJC_LITERAL_CONVERSION = YES;
				CLANG_WARN_OBJC_ROOT_CLASS = YES_ERROR;
				CLANG_WARN_RANGE_LOOP_ANALYSIS = YES;
				CLANG_WARN_STRICT_PROTOTYPES = YES;
				CLANG_WARN_SUSPICIOUS_MOVE = YES;
				CLANG_WARN_UNGUARDED_AVAILABILITY = YES_AGGRESSIVE;
				CLANG_WARN_UNREACHABLE_CODE = YES;
				CLANG_WARN__DUPLICATE_METHOD_MATCH = YES;
				CODE_SIGN_IDENTITY = "iPhone Developer";
				COPY_PHASE_STRIP = NO;
				DEBUG_INFORMATION_FORMAT = "dwarf-with-dsym";
				ENABLE_NS_ASSERTIONS = NO;
				ENABLE_STRICT_OBJC_MSGSEND = YES;
				GCC_C_LANGUAGE_STANDARD = gnu11;
				GCC_NO_COMMON_BLOCKS = YES;
				GCC_WARN_64_TO_32_BIT_CONVERSION = YES;
				GCC_WARN_ABOUT_RETURN_TYPE = YES_ERROR;
				GCC_WARN_UNDECLARED_SELECTOR = YES;
				GCC_WARN_UNINITIALIZED_AUTOS = YES_AGGRESSIVE;
				GCC_WARN_UNUSED_FUNCTION = YES;
				GCC_WARN_UNUSED_VARIABLE = YES;
				IPHONEOS_DEPLOYMENT_TARGET = 12.2;
				MTL_ENABLE_DEBUG_INFO = NO;
				MTL_FAST_MATH = YES;
				SDKROOT = iphoneos;
				SWIFT_COMPILATION_MODE = wholemodule;
				SWIFT_OPTIMIZATION_LEVEL = "-O";
				VALIDATE_PRODUCT = YES;
			};
			name = Release;
		};
		946B70A72271856900077917 /* Debug */ = {
			isa = XCBuildConfiguration;
			buildSettings = {
				ASSETCATALOG_COMPILER_APPICON_NAME = AppIcon;
				CODE_SIGN_STYLE = Automatic;
				DEVELOPMENT_TEAM = JVF4WB423W;
				INFOPLIST_FILE = CollectionKitDemo/Info.plist;
				LD_RUNPATH_SEARCH_PATHS = (
					"$(inherited)",
					"@executable_path/Frameworks",
				);
				PRODUCT_BUNDLE_IDENTIFIER = com.caiflower.CollectionKitDemo;
				PRODUCT_NAME = "$(TARGET_NAME)";
				SWIFT_VERSION = 5.0;
				TARGETED_DEVICE_FAMILY = "1,2";
			};
			name = Debug;
		};
		946B70A82271856900077917 /* Release */ = {
			isa = XCBuildConfiguration;
			buildSettings = {
				ASSETCATALOG_COMPILER_APPICON_NAME = AppIcon;
				CODE_SIGN_STYLE = Automatic;
				DEVELOPMENT_TEAM = JVF4WB423W;
				INFOPLIST_FILE = CollectionKitDemo/Info.plist;
				LD_RUNPATH_SEARCH_PATHS = (
					"$(inherited)",
					"@executable_path/Frameworks",
				);
				PRODUCT_BUNDLE_IDENTIFIER = com.caiflower.CollectionKitDemo;
				PRODUCT_NAME = "$(TARGET_NAME)";
				SWIFT_VERSION = 5.0;
				TARGETED_DEVICE_FAMILY = "1,2";
			};
			name = Release;
		};
		946B70AA2271856900077917 /* Debug */ = {
			isa = XCBuildConfiguration;
			buildSettings = {
				ALWAYS_EMBED_SWIFT_STANDARD_LIBRARIES = YES;
				BUNDLE_LOADER = "$(TEST_HOST)";
				CODE_SIGN_STYLE = Automatic;
				DEVELOPMENT_TEAM = JVF4WB423W;
				INFOPLIST_FILE = CollectionKitDemoTests/Info.plist;
				LD_RUNPATH_SEARCH_PATHS = (
					"$(inherited)",
					"@executable_path/Frameworks",
					"@loader_path/Frameworks",
				);
				PRODUCT_BUNDLE_IDENTIFIER = com.caiflower.CollectionKitDemoTests;
				PRODUCT_NAME = "$(TARGET_NAME)";
				SWIFT_VERSION = 5.0;
				TARGETED_DEVICE_FAMILY = "1,2";
				TEST_HOST = "$(BUILT_PRODUCTS_DIR)/CollectionKitDemo.app/CollectionKitDemo";
			};
			name = Debug;
		};
		946B70AB2271856900077917 /* Release */ = {
			isa = XCBuildConfiguration;
			buildSettings = {
				ALWAYS_EMBED_SWIFT_STANDARD_LIBRARIES = YES;
				BUNDLE_LOADER = "$(TEST_HOST)";
				CODE_SIGN_STYLE = Automatic;
				DEVELOPMENT_TEAM = JVF4WB423W;
				INFOPLIST_FILE = CollectionKitDemoTests/Info.plist;
				LD_RUNPATH_SEARCH_PATHS = (
					"$(inherited)",
					"@executable_path/Frameworks",
					"@loader_path/Frameworks",
				);
				PRODUCT_BUNDLE_IDENTIFIER = com.caiflower.CollectionKitDemoTests;
				PRODUCT_NAME = "$(TARGET_NAME)";
				SWIFT_VERSION = 5.0;
				TARGETED_DEVICE_FAMILY = "1,2";
				TEST_HOST = "$(BUILT_PRODUCTS_DIR)/CollectionKitDemo.app/CollectionKitDemo";
			};
			name = Release;
		};
		946B70AD2271856900077917 /* Debug */ = {
			isa = XCBuildConfiguration;
			buildSettings = {
				ALWAYS_EMBED_SWIFT_STANDARD_LIBRARIES = YES;
				CODE_SIGN_STYLE = Automatic;
				DEVELOPMENT_TEAM = JVF4WB423W;
				INFOPLIST_FILE = CollectionKitDemoUITests/Info.plist;
				LD_RUNPATH_SEARCH_PATHS = (
					"$(inherited)",
					"@executable_path/Frameworks",
					"@loader_path/Frameworks",
				);
				PRODUCT_BUNDLE_IDENTIFIER = com.caiflower.CollectionKitDemoUITests;
				PRODUCT_NAME = "$(TARGET_NAME)";
				SWIFT_VERSION = 5.0;
				TARGETED_DEVICE_FAMILY = "1,2";
				TEST_TARGET_NAME = CollectionKitDemo;
			};
			name = Debug;
		};
		946B70AE2271856900077917 /* Release */ = {
			isa = XCBuildConfiguration;
			buildSettings = {
				ALWAYS_EMBED_SWIFT_STANDARD_LIBRARIES = YES;
				CODE_SIGN_STYLE = Automatic;
				DEVELOPMENT_TEAM = JVF4WB423W;
				INFOPLIST_FILE = CollectionKitDemoUITests/Info.plist;
				LD_RUNPATH_SEARCH_PATHS = (
					"$(inherited)",
					"@executable_path/Frameworks",
					"@loader_path/Frameworks",
				);
				PRODUCT_BUNDLE_IDENTIFIER = com.caiflower.CollectionKitDemoUITests;
				PRODUCT_NAME = "$(TARGET_NAME)";
				SWIFT_VERSION = 5.0;
				TARGETED_DEVICE_FAMILY = "1,2";
				TEST_TARGET_NAME = CollectionKitDemo;
			};
			name = Release;
		};
/* End XCBuildConfiguration section */

/* Begin XCConfigurationList section */
		946B70792271856700077917 /* Build configuration list for PBXProject "CollectionKitDemo" */ = {
			isa = XCConfigurationList;
			buildConfigurations = (
				946B70A42271856900077917 /* Debug */,
				946B70A52271856900077917 /* Release */,
			);
			defaultConfigurationIsVisible = 0;
			defaultConfigurationName = Release;
		};
		946B70A62271856900077917 /* Build configuration list for PBXNativeTarget "CollectionKitDemo" */ = {
			isa = XCConfigurationList;
			buildConfigurations = (
				946B70A72271856900077917 /* Debug */,
				946B70A82271856900077917 /* Release */,
			);
			defaultConfigurationIsVisible = 0;
			defaultConfigurationName = Release;
		};
		946B70A92271856900077917 /* Build configuration list for PBXNativeTarget "CollectionKitDemoTests" */ = {
			isa = XCConfigurationList;
			buildConfigurations = (
				946B70AA2271856900077917 /* Debug */,
				946B70AB2271856900077917 /* Release */,
			);
			defaultConfigurationIsVisible = 0;
			defaultConfigurationName = Release;
		};
		946B70AC2271856900077917 /* Build configuration list for PBXNativeTarget "CollectionKitDemoUITests" */ = {
			isa = XCConfigurationList;
			buildConfigurations = (
				946B70AD2271856900077917 /* Debug */,
				946B70AE2271856900077917 /* Release */,
			);
			defaultConfigurationIsVisible = 0;
			defaultConfigurationName = Release;
		};
/* End XCConfigurationList section */
	};
	rootObject = 946B70762271856700077917 /* Project object */;
}
